// !$*UTF8*$!
{
	archiveVersion = 1;
	classes = {
	};
	objectVersion = 51;
	objects = {

/* Begin PBXBuildFile section */
		9C12944525E6DF4800DD1BAD /* ClientAPI.swift in Sources */ = {isa = PBXBuildFile; fileRef = 9C12944425E6DF4800DD1BAD /* ClientAPI.swift */; };
		9C12944C25E6E30D00DD1BAD /* ViewModel.swift in Sources */ = {isa = PBXBuildFile; fileRef = 9C12944B25E6E30D00DD1BAD /* ViewModel.swift */; };
		9C37898F25E57F5B00930EA6 /* SampleProjectApp.swift in Sources */ = {isa = PBXBuildFile; fileRef = 9C37897C25E57F5A00930EA6 /* SampleProjectApp.swift */; };
		9C37899025E57F5B00930EA6 /* SampleProjectApp.swift in Sources */ = {isa = PBXBuildFile; fileRef = 9C37897C25E57F5A00930EA6 /* SampleProjectApp.swift */; };
		9C37899125E57F5B00930EA6 /* ContentView.swift in Sources */ = {isa = PBXBuildFile; fileRef = 9C37897D25E57F5A00930EA6 /* ContentView.swift */; };
		9C37899225E57F5B00930EA6 /* ContentView.swift in Sources */ = {isa = PBXBuildFile; fileRef = 9C37897D25E57F5A00930EA6 /* ContentView.swift */; };
		9C37899325E57F5B00930EA6 /* Assets.xcassets in Resources */ = {isa = PBXBuildFile; fileRef = 9C37897E25E57F5B00930EA6 /* Assets.xcassets */; };
		9C37899425E57F5B00930EA6 /* Assets.xcassets in Resources */ = {isa = PBXBuildFile; fileRef = 9C37897E25E57F5B00930EA6 /* Assets.xcassets */; };
		9C3789A325E5824200930EA6 /* API.swift in Sources */ = {isa = PBXBuildFile; fileRef = 9C3789A225E5824200930EA6 /* API.swift */; };
		9C3789AD25E5841B00930EA6 /* APIEndpoint.swift in Sources */ = {isa = PBXBuildFile; fileRef = 9C3789AC25E5841B00930EA6 /* APIEndpoint.swift */; };
		9C3789B125E585AC00930EA6 /* APIEndpoint+Paths.swift in Sources */ = {isa = PBXBuildFile; fileRef = 9C3789B025E585AC00930EA6 /* APIEndpoint+Paths.swift */; };
		9C3789B525E5867900930EA6 /* APIEndpoint+Methods.swift in Sources */ = {isa = PBXBuildFile; fileRef = 9C3789B425E5867900930EA6 /* APIEndpoint+Methods.swift */; };
		9C3789BB25E5870D00930EA6 /* APIEndpoint+Tasks.swift in Sources */ = {isa = PBXBuildFile; fileRef = 9C3789BA25E5870D00930EA6 /* APIEndpoint+Tasks.swift */; };
		9C3789BF25E58D7700930EA6 /* APIEndpoint+Core.swift in Sources */ = {isa = PBXBuildFile; fileRef = 9C3789BE25E58D7700930EA6 /* APIEndpoint+Core.swift */; };
		BE04A0C4A90A21D718151684 /* Pods_SampleProject__macOS_.framework in Frameworks */ = {isa = PBXBuildFile; fileRef = F6CF38AD124E29A1265A65F1 /* Pods_SampleProject__macOS_.framework */; };
		DD8FC0C14C223ED3CF442326 /* Pods_SampleProject__iOS_.framework in Frameworks */ = {isa = PBXBuildFile; fileRef = 3BFD9C044743F59589CEF2AA /* Pods_SampleProject__iOS_.framework */; };
/* End PBXBuildFile section */

/* Begin PBXFileReference section */
		08B56EF1BA739DC99660D5DD /* Pods-SampleProject (macOS).release.xcconfig */ = {isa = PBXFileReference; includeInIndex = 1; lastKnownFileType = text.xcconfig; name = "Pods-SampleProject (macOS).release.xcconfig"; path = "Target Support Files/Pods-SampleProject (macOS)/Pods-SampleProject (macOS).release.xcconfig"; sourceTree = "<group>"; };
		356BEF0F541A615679C606DB /* Pods-SampleProject (macOS).debug.xcconfig */ = {isa = PBXFileReference; includeInIndex = 1; lastKnownFileType = text.xcconfig; name = "Pods-SampleProject (macOS).debug.xcconfig"; path = "Target Support Files/Pods-SampleProject (macOS)/Pods-SampleProject (macOS).debug.xcconfig"; sourceTree = "<group>"; };
		3BFD9C044743F59589CEF2AA /* Pods_SampleProject__iOS_.framework */ = {isa = PBXFileReference; explicitFileType = wrapper.framework; includeInIndex = 0; path = Pods_SampleProject__iOS_.framework; sourceTree = BUILT_PRODUCTS_DIR; };
		40C4BAA23C87154ADAA5C4C9 /* Pods-SampleProject (iOS).release.xcconfig */ = {isa = PBXFileReference; includeInIndex = 1; lastKnownFileType = text.xcconfig; name = "Pods-SampleProject (iOS).release.xcconfig"; path = "Target Support Files/Pods-SampleProject (iOS)/Pods-SampleProject (iOS).release.xcconfig"; sourceTree = "<group>"; };
		629E8F8E031D9A5262D7B7BA /* Pods-SampleProject (iOS).debug.xcconfig */ = {isa = PBXFileReference; includeInIndex = 1; lastKnownFileType = text.xcconfig; name = "Pods-SampleProject (iOS).debug.xcconfig"; path = "Target Support Files/Pods-SampleProject (iOS)/Pods-SampleProject (iOS).debug.xcconfig"; sourceTree = "<group>"; };
		9C12944425E6DF4800DD1BAD /* ClientAPI.swift */ = {isa = PBXFileReference; lastKnownFileType = sourcecode.swift; path = ClientAPI.swift; sourceTree = "<group>"; };
		9C12944B25E6E30D00DD1BAD /* ViewModel.swift */ = {isa = PBXFileReference; lastKnownFileType = sourcecode.swift; path = ViewModel.swift; sourceTree = "<group>"; };
		9C37897C25E57F5A00930EA6 /* SampleProjectApp.swift */ = {isa = PBXFileReference; lastKnownFileType = sourcecode.swift; path = SampleProjectApp.swift; sourceTree = "<group>"; };
		9C37897D25E57F5A00930EA6 /* ContentView.swift */ = {isa = PBXFileReference; lastKnownFileType = sourcecode.swift; path = ContentView.swift; sourceTree = "<group>"; };
		9C37897E25E57F5B00930EA6 /* Assets.xcassets */ = {isa = PBXFileReference; lastKnownFileType = folder.assetcatalog; path = Assets.xcassets; sourceTree = "<group>"; };
		9C37898325E57F5B00930EA6 /* SampleProject.app */ = {isa = PBXFileReference; explicitFileType = wrapper.application; includeInIndex = 0; path = SampleProject.app; sourceTree = BUILT_PRODUCTS_DIR; };
		9C37898625E57F5B00930EA6 /* Info.plist */ = {isa = PBXFileReference; lastKnownFileType = text.plist.xml; path = Info.plist; sourceTree = "<group>"; };
		9C37898B25E57F5B00930EA6 /* SampleProject.app */ = {isa = PBXFileReference; explicitFileType = wrapper.application; includeInIndex = 0; path = SampleProject.app; sourceTree = BUILT_PRODUCTS_DIR; };
		9C37898D25E57F5B00930EA6 /* Info.plist */ = {isa = PBXFileReference; lastKnownFileType = text.plist.xml; path = Info.plist; sourceTree = "<group>"; };
		9C37898E25E57F5B00930EA6 /* macOS.entitlements */ = {isa = PBXFileReference; lastKnownFileType = text.plist.entitlements; path = macOS.entitlements; sourceTree = "<group>"; };
		9C3789A225E5824200930EA6 /* API.swift */ = {isa = PBXFileReference; lastKnownFileType = sourcecode.swift; path = API.swift; sourceTree = "<group>"; };
		9C3789AC25E5841B00930EA6 /* APIEndpoint.swift */ = {isa = PBXFileReference; lastKnownFileType = sourcecode.swift; path = APIEndpoint.swift; sourceTree = "<group>"; };
		9C3789B025E585AC00930EA6 /* APIEndpoint+Paths.swift */ = {isa = PBXFileReference; lastKnownFileType = sourcecode.swift; path = "APIEndpoint+Paths.swift"; sourceTree = "<group>"; };
		9C3789B425E5867900930EA6 /* APIEndpoint+Methods.swift */ = {isa = PBXFileReference; lastKnownFileType = sourcecode.swift; path = "APIEndpoint+Methods.swift"; sourceTree = "<group>"; };
		9C3789BA25E5870D00930EA6 /* APIEndpoint+Tasks.swift */ = {isa = PBXFileReference; lastKnownFileType = sourcecode.swift; path = "APIEndpoint+Tasks.swift"; sourceTree = "<group>"; };
		9C3789BE25E58D7700930EA6 /* APIEndpoint+Core.swift */ = {isa = PBXFileReference; lastKnownFileType = sourcecode.swift; path = "APIEndpoint+Core.swift"; sourceTree = "<group>"; };
		F6CF38AD124E29A1265A65F1 /* Pods_SampleProject__macOS_.framework */ = {isa = PBXFileReference; explicitFileType = wrapper.framework; includeInIndex = 0; path = Pods_SampleProject__macOS_.framework; sourceTree = BUILT_PRODUCTS_DIR; };
/* End PBXFileReference section */

/* Begin PBXFrameworksBuildPhase section */
		9C37898025E57F5B00930EA6 /* Frameworks */ = {
			isa = PBXFrameworksBuildPhase;
			buildActionMask = 2147483647;
			files = (
				DD8FC0C14C223ED3CF442326 /* Pods_SampleProject__iOS_.framework in Frameworks */,
			);
			runOnlyForDeploymentPostprocessing = 0;
		};
		9C37898825E57F5B00930EA6 /* Frameworks */ = {
			isa = PBXFrameworksBuildPhase;
			buildActionMask = 2147483647;
			files = (
				BE04A0C4A90A21D718151684 /* Pods_SampleProject__macOS_.framework in Frameworks */,
			);
			runOnlyForDeploymentPostprocessing = 0;
		};
/* End PBXFrameworksBuildPhase section */

/* Begin PBXGroup section */
		22FF88BE0855675918CA2140 /* Frameworks */ = {
			isa = PBXGroup;
			children = (
				3BFD9C044743F59589CEF2AA /* Pods_SampleProject__iOS_.framework */,
				F6CF38AD124E29A1265A65F1 /* Pods_SampleProject__macOS_.framework */,
			);
			name = Frameworks;
			sourceTree = "<group>";
		};
		9C12943C25E6DDB000DD1BAD /* Client */ = {
			isa = PBXGroup;
			children = (
				9C12944425E6DF4800DD1BAD /* ClientAPI.swift */,
			);
			name = Client;
			sourceTree = "<group>";
		};
		9C12944825E6E21400DD1BAD /* ViewModel */ = {
			isa = PBXGroup;
			children = (
				9C12944B25E6E30D00DD1BAD /* ViewModel.swift */,
			);
			name = ViewModel;
			sourceTree = "<group>";
		};
		9C37897625E57F5A00930EA6 = {
			isa = PBXGroup;
			children = (
				9C37899F25E580CA00930EA6 /* API */,
				9C37897B25E57F5A00930EA6 /* Shared */,
				9C37898525E57F5B00930EA6 /* iOS */,
				9C37898C25E57F5B00930EA6 /* macOS */,
				9C37898425E57F5B00930EA6 /* Products */,
				D18B41278C621752B933F682 /* Pods */,
				22FF88BE0855675918CA2140 /* Frameworks */,
			);
			sourceTree = "<group>";
		};
		9C37897B25E57F5A00930EA6 /* Shared */ = {
			isa = PBXGroup;
			children = (
				9C37897C25E57F5A00930EA6 /* SampleProjectApp.swift */,
				9C37897D25E57F5A00930EA6 /* ContentView.swift */,
				9C37897E25E57F5B00930EA6 /* Assets.xcassets */,
			);
			path = Shared;
			sourceTree = "<group>";
		};
		9C37898425E57F5B00930EA6 /* Products */ = {
			isa = PBXGroup;
			children = (
				9C37898325E57F5B00930EA6 /* SampleProject.app */,
				9C37898B25E57F5B00930EA6 /* SampleProject.app */,
			);
			name = Products;
			sourceTree = "<group>";
		};
		9C37898525E57F5B00930EA6 /* iOS */ = {
			isa = PBXGroup;
			children = (
				9C37898625E57F5B00930EA6 /* Info.plist */,
			);
			path = iOS;
			sourceTree = "<group>";
		};
		9C37898C25E57F5B00930EA6 /* macOS */ = {
			isa = PBXGroup;
			children = (
				9C37898D25E57F5B00930EA6 /* Info.plist */,
				9C37898E25E57F5B00930EA6 /* macOS.entitlements */,
			);
			path = macOS;
			sourceTree = "<group>";
		};
		9C37899F25E580CA00930EA6 /* API */ = {
			isa = PBXGroup;
			children = (
				9C12943C25E6DDB000DD1BAD /* Client */,
				9C12944825E6E21400DD1BAD /* ViewModel */,
				9C3789A225E5824200930EA6 /* API.swift */,
				9C3789AC25E5841B00930EA6 /* APIEndpoint.swift */,
				9C3789B025E585AC00930EA6 /* APIEndpoint+Paths.swift */,
				9C3789B425E5867900930EA6 /* APIEndpoint+Methods.swift */,
				9C3789BA25E5870D00930EA6 /* APIEndpoint+Tasks.swift */,
				9C3789BE25E58D7700930EA6 /* APIEndpoint+Core.swift */,
			);
			name = API;
			sourceTree = "<group>";
		};
		D18B41278C621752B933F682 /* Pods */ = {
			isa = PBXGroup;
			children = (
				629E8F8E031D9A5262D7B7BA /* Pods-SampleProject (iOS).debug.xcconfig */,
				40C4BAA23C87154ADAA5C4C9 /* Pods-SampleProject (iOS).release.xcconfig */,
				356BEF0F541A615679C606DB /* Pods-SampleProject (macOS).debug.xcconfig */,
				08B56EF1BA739DC99660D5DD /* Pods-SampleProject (macOS).release.xcconfig */,
			);
			path = Pods;
			sourceTree = "<group>";
		};
/* End PBXGroup section */

/* Begin PBXNativeTarget section */
		9C37898225E57F5B00930EA6 /* SampleProject (iOS) */ = {
			isa = PBXNativeTarget;
			buildConfigurationList = 9C37899725E57F5B00930EA6 /* Build configuration list for PBXNativeTarget "SampleProject (iOS)" */;
			buildPhases = (
				0829A528B82EA16FE8B8C4FC /* [CP] Check Pods Manifest.lock */,
				9C37897F25E57F5B00930EA6 /* Sources */,
				9C37898025E57F5B00930EA6 /* Frameworks */,
				9C37898125E57F5B00930EA6 /* Resources */,
				97FEFA6CB88B228AF19C1FC3 /* [CP] Embed Pods Frameworks */,
			);
			buildRules = (
			);
			dependencies = (
			);
			name = "SampleProject (iOS)";
			productName = "SampleProject (iOS)";
			productReference = 9C37898325E57F5B00930EA6 /* SampleProject.app */;
			productType = "com.apple.product-type.application";
		};
		9C37898A25E57F5B00930EA6 /* SampleProject (macOS) */ = {
			isa = PBXNativeTarget;
			buildConfigurationList = 9C37899A25E57F5B00930EA6 /* Build configuration list for PBXNativeTarget "SampleProject (macOS)" */;
			buildPhases = (
				B6A2C286E629241116540B21 /* [CP] Check Pods Manifest.lock */,
				9C37898725E57F5B00930EA6 /* Sources */,
				9C37898825E57F5B00930EA6 /* Frameworks */,
				9C37898925E57F5B00930EA6 /* Resources */,
			);
			buildRules = (
			);
			dependencies = (
			);
			name = "SampleProject (macOS)";
			productName = "SampleProject (macOS)";
			productReference = 9C37898B25E57F5B00930EA6 /* SampleProject.app */;
			productType = "com.apple.product-type.application";
		};
/* End PBXNativeTarget section */

/* Begin PBXProject section */
		9C37897725E57F5A00930EA6 /* Project object */ = {
			isa = PBXProject;
			attributes = {
				LastSwiftUpdateCheck = 1240;
				LastUpgradeCheck = 1240;
				TargetAttributes = {
					9C37898225E57F5B00930EA6 = {
						CreatedOnToolsVersion = 12.4;
					};
					9C37898A25E57F5B00930EA6 = {
						CreatedOnToolsVersion = 12.4;
					};
				};
			};
			buildConfigurationList = 9C37897A25E57F5A00930EA6 /* Build configuration list for PBXProject "SampleProject" */;
			compatibilityVersion = "Xcode 9.3";
			developmentRegion = en;
			hasScannedForEncodings = 0;
			knownRegions = (
				en,
				Base,
			);
			mainGroup = 9C37897625E57F5A00930EA6;
			productRefGroup = 9C37898425E57F5B00930EA6 /* Products */;
			projectDirPath = "";
			projectRoot = "";
			targets = (
				9C37898225E57F5B00930EA6 /* SampleProject (iOS) */,
				9C37898A25E57F5B00930EA6 /* SampleProject (macOS) */,
			);
		};
/* End PBXProject section */

/* Begin PBXResourcesBuildPhase section */
		9C37898125E57F5B00930EA6 /* Resources */ = {
			isa = PBXResourcesBuildPhase;
			buildActionMask = 2147483647;
			files = (
				9C37899325E57F5B00930EA6 /* Assets.xcassets in Resources */,
			);
			runOnlyForDeploymentPostprocessing = 0;
		};
		9C37898925E57F5B00930EA6 /* Resources */ = {
			isa = PBXResourcesBuildPhase;
			buildActionMask = 2147483647;
			files = (
				9C37899425E57F5B00930EA6 /* Assets.xcassets in Resources */,
			);
			runOnlyForDeploymentPostprocessing = 0;
		};
/* End PBXResourcesBuildPhase section */

/* Begin PBXShellScriptBuildPhase section */
		0829A528B82EA16FE8B8C4FC /* [CP] Check Pods Manifest.lock */ = {
			isa = PBXShellScriptBuildPhase;
			buildActionMask = 2147483647;
			files = (
			);
			inputFileListPaths = (
			);
			inputPaths = (
				"${PODS_PODFILE_DIR_PATH}/Podfile.lock",
				"${PODS_ROOT}/Manifest.lock",
			);
			name = "[CP] Check Pods Manifest.lock";
			outputFileListPaths = (
			);
			outputPaths = (
				"$(DERIVED_FILE_DIR)/Pods-SampleProject (iOS)-checkManifestLockResult.txt",
			);
			runOnlyForDeploymentPostprocessing = 0;
			shellPath = /bin/sh;
			shellScript = "diff \"${PODS_PODFILE_DIR_PATH}/Podfile.lock\" \"${PODS_ROOT}/Manifest.lock\" > /dev/null\nif [ $? != 0 ] ; then\n    # print error to STDERR\n    echo \"error: The sandbox is not in sync with the Podfile.lock. Run 'pod install' or update your CocoaPods installation.\" >&2\n    exit 1\nfi\n# This output is used by Xcode 'outputs' to avoid re-running this script phase.\necho \"SUCCESS\" > \"${SCRIPT_OUTPUT_FILE_0}\"\n";
			showEnvVarsInLog = 0;
		};
		97FEFA6CB88B228AF19C1FC3 /* [CP] Embed Pods Frameworks */ = {
			isa = PBXShellScriptBuildPhase;
			buildActionMask = 2147483647;
			files = (
			);
			inputFileListPaths = (
				"${PODS_ROOT}/Target Support Files/Pods-SampleProject (iOS)/Pods-SampleProject (iOS)-frameworks-${CONFIGURATION}-input-files.xcfilelist",
			);
			name = "[CP] Embed Pods Frameworks";
			outputFileListPaths = (
				"${PODS_ROOT}/Target Support Files/Pods-SampleProject (iOS)/Pods-SampleProject (iOS)-frameworks-${CONFIGURATION}-output-files.xcfilelist",
			);
			runOnlyForDeploymentPostprocessing = 0;
			shellPath = /bin/sh;
			shellScript = "\"${PODS_ROOT}/Target Support Files/Pods-SampleProject (iOS)/Pods-SampleProject (iOS)-frameworks.sh\"\n";
			showEnvVarsInLog = 0;
		};
		B6A2C286E629241116540B21 /* [CP] Check Pods Manifest.lock */ = {
			isa = PBXShellScriptBuildPhase;
			buildActionMask = 2147483647;
			files = (
			);
			inputFileListPaths = (
			);
			inputPaths = (
				"${PODS_PODFILE_DIR_PATH}/Podfile.lock",
				"${PODS_ROOT}/Manifest.lock",
			);
			name = "[CP] Check Pods Manifest.lock";
			outputFileListPaths = (
			);
			outputPaths = (
				"$(DERIVED_FILE_DIR)/Pods-SampleProject (macOS)-checkManifestLockResult.txt",
			);
			runOnlyForDeploymentPostprocessing = 0;
			shellPath = /bin/sh;
			shellScript = "diff \"${PODS_PODFILE_DIR_PATH}/Podfile.lock\" \"${PODS_ROOT}/Manifest.lock\" > /dev/null\nif [ $? != 0 ] ; then\n    # print error to STDERR\n    echo \"error: The sandbox is not in sync with the Podfile.lock. Run 'pod install' or update your CocoaPods installation.\" >&2\n    exit 1\nfi\n# This output is used by Xcode 'outputs' to avoid re-running this script phase.\necho \"SUCCESS\" > \"${SCRIPT_OUTPUT_FILE_0}\"\n";
			showEnvVarsInLog = 0;
		};
/* End PBXShellScriptBuildPhase section */

/* Begin PBXSourcesBuildPhase section */
		9C37897F25E57F5B00930EA6 /* Sources */ = {
			isa = PBXSourcesBuildPhase;
			buildActionMask = 2147483647;
			files = (
				9C12944C25E6E30D00DD1BAD /* ViewModel.swift in Sources */,
				9C3789BF25E58D7700930EA6 /* APIEndpoint+Core.swift in Sources */,
				9C12944525E6DF4800DD1BAD /* ClientAPI.swift in Sources */,
				9C37899125E57F5B00930EA6 /* ContentView.swift in Sources */,
				9C3789A325E5824200930EA6 /* API.swift in Sources */,
				9C3789B525E5867900930EA6 /* APIEndpoint+Methods.swift in Sources */,
				9C3789B125E585AC00930EA6 /* APIEndpoint+Paths.swift in Sources */,
				9C3789BB25E5870D00930EA6 /* APIEndpoint+Tasks.swift in Sources */,
				9C37898F25E57F5B00930EA6 /* SampleProjectApp.swift in Sources */,
				9C3789AD25E5841B00930EA6 /* APIEndpoint.swift in Sources */,
			);
			runOnlyForDeploymentPostprocessing = 0;
		};
		9C37898725E57F5B00930EA6 /* Sources */ = {
			isa = PBXSourcesBuildPhase;
			buildActionMask = 2147483647;
			files = (
				9C37899225E57F5B00930EA6 /* ContentView.swift in Sources */,
				9C37899025E57F5B00930EA6 /* SampleProjectApp.swift in Sources */,
			);
			runOnlyForDeploymentPostprocessing = 0;
		};
/* End PBXSourcesBuildPhase section */

/* Begin XCBuildConfiguration section */
		9C37899525E57F5B00930EA6 /* Debug */ = {
			isa = XCBuildConfiguration;
			buildSettings = {
				ALWAYS_SEARCH_USER_PATHS = NO;
				CLANG_ANALYZER_NONNULL = YES;
				CLANG_ANALYZER_NUMBER_OBJECT_CONVERSION = YES_AGGRESSIVE;
				CLANG_CXX_LANGUAGE_STANDARD = "gnu++14";
				CLANG_CXX_LIBRARY = "libc++";
				CLANG_ENABLE_MODULES = YES;
				CLANG_ENABLE_OBJC_ARC = YES;
				CLANG_ENABLE_OBJC_WEAK = YES;
				CLANG_WARN_BLOCK_CAPTURE_AUTORELEASING = YES;
				CLANG_WARN_BOOL_CONVERSION = YES;
				CLANG_WARN_COMMA = YES;
				CLANG_WARN_CONSTANT_CONVERSION = YES;
				CLANG_WARN_DEPRECATED_OBJC_IMPLEMENTATIONS = YES;
				CLANG_WARN_DIRECT_OBJC_ISA_USAGE = YES_ERROR;
				CLANG_WARN_DOCUMENTATION_COMMENTS = YES;
				CLANG_WARN_EMPTY_BODY = YES;
				CLANG_WARN_ENUM_CONVERSION = YES;
				CLANG_WARN_INFINITE_RECURSION = YES;
				CLANG_WARN_INT_CONVERSION = YES;
				CLANG_WARN_NON_LITERAL_NULL_CONVERSION = YES;
				CLANG_WARN_OBJC_IMPLICIT_RETAIN_SELF = YES;
				CLANG_WARN_OBJC_LITERAL_CONVERSION = YES;
				CLANG_WARN_OBJC_ROOT_CLASS = YES_ERROR;
				CLANG_WARN_QUOTED_INCLUDE_IN_FRAMEWORK_HEADER = YES;
				CLANG_WARN_RANGE_LOOP_ANALYSIS = YES;
				CLANG_WARN_STRICT_PROTOTYPES = YES;
				CLANG_WARN_SUSPICIOUS_MOVE = YES;
				CLANG_WARN_UNGUARDED_AVAILABILITY = YES_AGGRESSIVE;
				CLANG_WARN_UNREACHABLE_CODE = YES;
				CLANG_WARN__DUPLICATE_METHOD_MATCH = YES;
				COPY_PHASE_STRIP = NO;
				DEBUG_INFORMATION_FORMAT = dwarf;
				ENABLE_STRICT_OBJC_MSGSEND = YES;
				ENABLE_TESTABILITY = YES;
				GCC_C_LANGUAGE_STANDARD = gnu11;
				GCC_DYNAMIC_NO_PIC = NO;
				GCC_NO_COMMON_BLOCKS = YES;
				GCC_OPTIMIZATION_LEVEL = 0;
				GCC_PREPROCESSOR_DEFINITIONS = (
					"DEBUG=1",
					"$(inherited)",
				);
				GCC_WARN_64_TO_32_BIT_CONVERSION = YES;
				GCC_WARN_ABOUT_RETURN_TYPE = YES_ERROR;
				GCC_WARN_UNDECLARED_SELECTOR = YES;
				GCC_WARN_UNINITIALIZED_AUTOS = YES_AGGRESSIVE;
				GCC_WARN_UNUSED_FUNCTION = YES;
				GCC_WARN_UNUSED_VARIABLE = YES;
				MTL_ENABLE_DEBUG_INFO = INCLUDE_SOURCE;
				MTL_FAST_MATH = YES;
				ONLY_ACTIVE_ARCH = YES;
				SWIFT_ACTIVE_COMPILATION_CONDITIONS = DEBUG;
				SWIFT_OPTIMIZATION_LEVEL = "-Onone";
			};
			name = Debug;
		};
		9C37899625E57F5B00930EA6 /* Release */ = {
			isa = XCBuildConfiguration;
			buildSettings = {
				ALWAYS_SEARCH_USER_PATHS = NO;
				CLANG_ANALYZER_NONNULL = YES;
				CLANG_ANALYZER_NUMBER_OBJECT_CONVERSION = YES_AGGRESSIVE;
				CLANG_CXX_LANGUAGE_STANDARD = "gnu++14";
				CLANG_CXX_LIBRARY = "libc++";
				CLANG_ENABLE_MODULES = YES;
				CLANG_ENABLE_OBJC_ARC = YES;
				CLANG_ENABLE_OBJC_WEAK = YES;
				CLANG_WARN_BLOCK_CAPTURE_AUTORELEASING = YES;
				CLANG_WARN_BOOL_CONVERSION = YES;
				CLANG_WARN_COMMA = YES;
				CLANG_WARN_CONSTANT_CONVERSION = YES;
				CLANG_WARN_DEPRECATED_OBJC_IMPLEMENTATIONS = YES;
				CLANG_WARN_DIRECT_OBJC_ISA_USAGE = YES_ERROR;
				CLANG_WARN_DOCUMENTATION_COMMENTS = YES;
				CLANG_WARN_EMPTY_BODY = YES;
				CLANG_WARN_ENUM_CONVERSION = YES;
				CLANG_WARN_INFINITE_RECURSION = YES;
				CLANG_WARN_INT_CONVERSION = YES;
				CLANG_WARN_NON_LITERAL_NULL_CONVERSION = YES;
				CLANG_WARN_OBJC_IMPLICIT_RETAIN_SELF = YES;
				CLANG_WARN_OBJC_LITERAL_CONVERSION = YES;
				CLANG_WARN_OBJC_ROOT_CLASS = YES_ERROR;
				CLANG_WARN_QUOTED_INCLUDE_IN_FRAMEWORK_HEADER = YES;
				CLANG_WARN_RANGE_LOOP_ANALYSIS = YES;
				CLANG_WARN_STRICT_PROTOTYPES = YES;
				CLANG_WARN_SUSPICIOUS_MOVE = YES;
				CLANG_WARN_UNGUARDED_AVAILABILITY = YES_AGGRESSIVE;
				CLANG_WARN_UNREACHABLE_CODE = YES;
				CLANG_WARN__DUPLICATE_METHOD_MATCH = YES;
				COPY_PHASE_STRIP = NO;
				DEBUG_INFORMATION_FORMAT = "dwarf-with-dsym";
				ENABLE_NS_ASSERTIONS = NO;
				ENABLE_STRICT_OBJC_MSGSEND = YES;
				GCC_C_LANGUAGE_STANDARD = gnu11;
				GCC_NO_COMMON_BLOCKS = YES;
				GCC_WARN_64_TO_32_BIT_CONVERSION = YES;
				GCC_WARN_ABOUT_RETURN_TYPE = YES_ERROR;
				GCC_WARN_UNDECLARED_SELECTOR = YES;
				GCC_WARN_UNINITIALIZED_AUTOS = YES_AGGRESSIVE;
				GCC_WARN_UNUSED_FUNCTION = YES;
				GCC_WARN_UNUSED_VARIABLE = YES;
				MTL_ENABLE_DEBUG_INFO = NO;
				MTL_FAST_MATH = YES;
				SWIFT_COMPILATION_MODE = wholemodule;
				SWIFT_OPTIMIZATION_LEVEL = "-O";
			};
			name = Release;
		};
		9C37899825E57F5B00930EA6 /* Debug */ = {
			isa = XCBuildConfiguration;
			baseConfigurationReference = 629E8F8E031D9A5262D7B7BA /* Pods-SampleProject (iOS).debug.xcconfig */;
			buildSettings = {
				ASSETCATALOG_COMPILER_APPICON_NAME = AppIcon;
				ASSETCATALOG_COMPILER_GLOBAL_ACCENT_COLOR_NAME = AccentColor;
				CODE_SIGN_STYLE = Automatic;
				ENABLE_PREVIEWS = YES;
				INFOPLIST_FILE = iOS/Info.plist;
				IPHONEOS_DEPLOYMENT_TARGET = 14.0;
				LD_RUNPATH_SEARCH_PATHS = (
					"$(inherited)",
					"@executable_path/Frameworks",
				);
				PRODUCT_BUNDLE_IDENTIFIER = osama.SampleProject;
				PRODUCT_NAME = SampleProject;
				SDKROOT = iphoneos;
				SWIFT_VERSION = 5.0;
				TARGETED_DEVICE_FAMILY = "1,2";
			};
			name = Debug;
		};
		9C37899925E57F5B00930EA6 /* Release */ = {
			isa = XCBuildConfiguration;
			baseConfigurationReference = 40C4BAA23C87154ADAA5C4C9 /* Pods-SampleProject (iOS).release.xcconfig */;
			buildSettings = {
				ASSETCATALOG_COMPILER_APPICON_NAME = AppIcon;
				ASSETCATALOG_COMPILER_GLOBAL_ACCENT_COLOR_NAME = AccentColor;
				CODE_SIGN_STYLE = Automatic;
				ENABLE_PREVIEWS = YES;
				INFOPLIST_FILE = iOS/Info.plist;
				IPHONEOS_DEPLOYMENT_TARGET = 14.0;
				LD_RUNPATH_SEARCH_PATHS = (
					"$(inherited)",
					"@executable_path/Frameworks",
				);
				PRODUCT_BUNDLE_IDENTIFIER = osama.SampleProject;
				PRODUCT_NAME = SampleProject;
				SDKROOT = iphoneos;
				SWIFT_VERSION = 5.0;
				TARGETED_DEVICE_FAMILY = "1,2";
				VALIDATE_PRODUCT = YES;
			};
			name = Release;
		};
		9C37899B25E57F5B00930EA6 /* Debug */ = {
			isa = XCBuildConfiguration;
			baseConfigurationReference = 356BEF0F541A615679C606DB /* Pods-SampleProject (macOS).debug.xcconfig */;
			buildSettings = {
				ASSETCATALOG_COMPILER_APPICON_NAME = AppIcon;
				ASSETCATALOG_COMPILER_GLOBAL_ACCENT_COLOR_NAME = AccentColor;
				CODE_SIGN_ENTITLEMENTS = macOS/macOS.entitlements;
				CODE_SIGN_STYLE = Automatic;
				COMBINE_HIDPI_IMAGES = YES;
				ENABLE_PREVIEWS = YES;
				INFOPLIST_FILE = macOS/Info.plist;
				LD_RUNPATH_SEARCH_PATHS = (
					"$(inherited)",
					"@executable_path/../Frameworks",
				);
				MACOSX_DEPLOYMENT_TARGET = 11.0;
				PRODUCT_BUNDLE_IDENTIFIER = osama.SampleProject;
				PRODUCT_NAME = SampleProject;
				SDKROOT = macosx;
				SWIFT_VERSION = 5.0;
			};
			name = Debug;
		};
		9C37899C25E57F5B00930EA6 /* Release */ = {
			isa = XCBuildConfiguration;
			baseConfigurationReference = 08B56EF1BA739DC99660D5DD /* Pods-SampleProject (macOS).release.xcconfig */;
			buildSettings = {
				ASSETCATALOG_COMPILER_APPICON_NAME = AppIcon;
				ASSETCATALOG_COMPILER_GLOBAL_ACCENT_COLOR_NAME = AccentColor;
				CODE_SIGN_ENTITLEMENTS = macOS/macOS.entitlements;
				CODE_SIGN_STYLE = Automatic;
				COMBINE_HIDPI_IMAGES = YES;
				ENABLE_PREVIEWS = YES;
				INFOPLIST_FILE = macOS/Info.plist;
				LD_RUNPATH_SEARCH_PATHS = (
					"$(inherited)",
					"@executable_path/../Frameworks",
				);
				MACOSX_DEPLOYMENT_TARGET = 11.0;
				PRODUCT_BUNDLE_IDENTIFIER = osama.SampleProject;
				PRODUCT_NAME = SampleProject;
				SDKROOT = macosx;
				SWIFT_VERSION = 5.0;
			};
			name = Release;
		};
/* End XCBuildConfiguration section */

/* Begin XCConfigurationList section */
		9C37897A25E57F5A00930EA6 /* Build configuration list for PBXProject "SampleProject" */ = {
			isa = XCConfigurationList;
			buildConfigurations = (
				9C37899525E57F5B00930EA6 /* Debug */,
				9C37899625E57F5B00930EA6 /* Release */,
			);
			defaultConfigurationIsVisible = 0;
			defaultConfigurationName = Release;
		};
		9C37899725E57F5B00930EA6 /* Build configuration list for PBXNativeTarget "SampleProject (iOS)" */ = {
			isa = XCConfigurationList;
			buildConfigurations = (
				9C37899825E57F5B00930EA6 /* Debug */,
				9C37899925E57F5B00930EA6 /* Release */,
			);
			defaultConfigurationIsVisible = 0;
			defaultConfigurationName = Release;
		};
		9C37899A25E57F5B00930EA6 /* Build configuration list for PBXNativeTarget "SampleProject (macOS)" */ = {
			isa = XCConfigurationList;
			buildConfigurations = (
				9C37899B25E57F5B00930EA6 /* Debug */,
				9C37899C25E57F5B00930EA6 /* Release */,
			);
			defaultConfigurationIsVisible = 0;
			defaultConfigurationName = Release;
		};
/* End XCConfigurationList section */
	};
	rootObject = 9C37897725E57F5A00930EA6 /* Project object */;
}
